
Microsoft Visual Studio Solution File, Format Version 12.00
# Visual Studio Version 17
VisualStudioVersion = 17.9.34723.18
MinimumVisualStudioVersion = 10.0.40219.1
Project("{8BC9CEB8-8B4A-11D0-8D11-00A0C91BC942}") = "ProjektPP2_Szachy", "ProjektPP2_Szachy.vcxproj", "{7D0DE96B-36DF-4082-A40B-9937A06D15CF}"
EndProject
Global
	GlobalSection(SolutionConfigurationPlatforms) = preSolution
		Debug|x64 = Debug|x64
		Debug|x86 = Debug|x86
		Release|x64 = Release|x64
		Release|x86 = Release|x86
	EndGlobalSection
	GlobalSection(ProjectConfigurationPlatforms) = postSolution
		{7D0DE96B-36DF-4082-A40B-9937A06D15CF}.Debug|x64.ActiveCfg = Debug|x64
		{7D0DE96B-36DF-4082-A40B-9937A06D15CF}.Debug|x64.Build.0 = Debug|x64
		{7D0DE96B-36DF-4082-A40B-9937A06D15CF}.Debug|x86.ActiveCfg = Debug|Win32
		{7D0DE96B-36DF-4082-A40B-9937A06D15CF}.Debug|x86.Build.0 = Debug|Win32
		{7D0DE96B-36DF-4082-A40B-9937A06D15CF}.Release|x64.ActiveCfg = Release|x64
		{7D0DE96B-36DF-4082-A40B-9937A06D15CF}.Release|x64.Build.0 = Release|x64
		{7D0DE96B-36DF-4082-A40B-9937A06D15CF}.Release|x86.ActiveCfg = Release|Win32
		{7D0DE96B-36DF-4082-A40B-9937A06D15CF}.Release|x86.Build.0 = Release|Win32
	EndGlobalSection
	GlobalSection(SolutionProperties) = preSolution
		HideSolutionNode = FALSE
	EndGlobalSection
	GlobalSection(ExtensibilityGlobals) = postSolution
		SolutionGuid = {08165748-B4A8-48A3-90F5-182A172C0A18}
	EndGlobalSection
EndGlobal
